// !$*UTF8*$!
{
	archiveVersion = 1;
	classes = {
	};
	objectVersion = 77;
	objects = {

/* Begin PBXBuildFile section */
		030B3485F3D9EADD9D3FFBA9 /* BudgetSettings.swift in Sources */ = {isa = PBXBuildFile; fileRef = 8B3556A7656E084760AE49C9 /* BudgetSettings.swift */; };
		05B1C5DE8C7A4B7DA2A65B01 /* BudgetStatisticsSummary.swift in Sources */ = {isa = PBXBuildFile; fileRef = 05B1C5DE8C7A4B7DA2A65A01 /* BudgetStatisticsSummary.swift */; };
		05B1C5DE8C7A4B7DA2A65B02 /* BudgetStatisticsService.swift in Sources */ = {isa = PBXBuildFile; fileRef = 05B1C5DE8C7A4B7DA2A65A02 /* BudgetStatisticsService.swift */; };
		05B1C5DE8C7A4B7DA2A65B03 /* BudgetHistoryEvent.swift in Sources */ = {isa = PBXBuildFile; fileRef = 05B1C5DE8C7A4B7DA2A65A03 /* BudgetHistoryEvent.swift */; };
		05B1C5DE8C7A4B7DA2A65B04 /* BudgetHistoryStorage.swift in Sources */ = {isa = PBXBuildFile; fileRef = 05B1C5DE8C7A4B7DA2A65A04 /* BudgetHistoryStorage.swift */; };
		05B1C5DE8C7A4B7DA2A65B05 /* Smart_moneyTests/BudgetStatisticsServiceTests.swift in Sources */ = {isa = PBXBuildFile; fileRef = 05B1C5DE8C7A4B7DA2A65A05 /* Smart_moneyTests/BudgetStatisticsServiceTests.swift */; };
		05B1C5DE8C7A4B7DA2A65B06 /* Smart_moneyTests/BudgetHistoryStorageTests.swift in Sources */ = {isa = PBXBuildFile; fileRef = 05B1C5DE8C7A4B7DA2A65A06 /* Smart_moneyTests/BudgetHistoryStorageTests.swift */; };
		5A5DDA83BBDEE9C11030B7A1 /* Smart_moneyTests/BudgetAllocationEngineTests.swift in Sources */ = {isa = PBXBuildFile; fileRef = 18341DAE89E1555D17C7F345 /* Smart_moneyTests/BudgetAllocationEngineTests.swift */; };
		797B8287527E51477530AD99 /* XCTest.framework in Frameworks */ = {isa = PBXBuildFile; fileRef = D6C56C36F70846C13E836257 /* XCTest.framework */; };
		7C160A4D8DD400E7FB2141FB /* Foundation.framework in Frameworks */ = {isa = PBXBuildFile; fileRef = 5DE928F04FA626936D204C8C /* Foundation.framework */; };
		8B1646BD2C951951E1BEE230 /* BudgetAllocationEngine.swift in Sources */ = {isa = PBXBuildFile; fileRef = F69A833A769D5551D00E9C0F /* BudgetAllocationEngine.swift */; };
		9F1000000000000000000011 /* FreeCapitalCoveragePolicy.swift in Sources */ = {isa = PBXBuildFile; fileRef = 9F1000000000000000000001 /* FreeCapitalCoveragePolicy.swift */; };
		9F1000000000000000000012 /* SystemCardCatalog.swift in Sources */ = {isa = PBXBuildFile; fileRef = 9F1000000000000000000002 /* SystemCardCatalog.swift */; };
		9F2000000000000000000011 /* CurrencyInputFormatter.swift in Sources */ = {isa = PBXBuildFile; fileRef = 9F2000000000000000000001 /* CurrencyInputFormatter.swift */; };
		9F2000000000000000000012 /* Smart_moneyTests/CurrencyInputFormatterTests.swift in Sources */ = {isa = PBXBuildFile; fileRef = 9F2000000000000000000002 /* Smart_moneyTests/CurrencyInputFormatterTests.swift */; };
		9F3000000000000000000011 /* Smart_moneyTests/ManualCurrencyTransferTests.swift in Sources */ = {isa = PBXBuildFile; fileRef = 9F3000000000000000000001 /* Smart_moneyTests/ManualCurrencyTransferTests.swift */; };
		9F4000000000000000000011 /* Smart_moneyTests/StartOnboardingCapitalTests.swift in Sources */ = {isa = PBXBuildFile; fileRef = 9F4000000000000000000001 /* Smart_moneyTests/StartOnboardingCapitalTests.swift */; };
		9F5000000000000000000011 /* Smart_moneyTests/ExpenseFundingPreviewTests.swift in Sources */ = {isa = PBXBuildFile; fileRef = 9F5000000000000000000001 /* Smart_moneyTests/ExpenseFundingPreviewTests.swift */; };
		9F6000000000000000000011 /* Smart_moneyTests/AppPerformanceTests.swift in Sources */ = {isa = PBXBuildFile; fileRef = 9F6000000000000000000001 /* Smart_moneyTests/AppPerformanceTests.swift */; };
		9F7000000000000000000011 /* Smart_moneyTests/HistoryPresentationTests.swift in Sources */ = {isa = PBXBuildFile; fileRef = 9F7000000000000000000001 /* Smart_moneyTests/HistoryPresentationTests.swift */; };
		D59408438CAE607A2E27861B /* Subcategory.swift in Sources */ = {isa = PBXBuildFile; fileRef = C30426740402C6030D9761AB /* Subcategory.swift */; };
		FF92C2D40D418C772B6AEA21 /* ExpenseCategory.swift in Sources */ = {isa = PBXBuildFile; fileRef = 84F789F08C8A61DA8D593CAE /* ExpenseCategory.swift */; };
/* End PBXBuildFile section */

/* Begin PBXContainerItemProxy section */
		BEEE2089594BC10F8BD78AF9 /* PBXContainerItemProxy */ = {
			isa = PBXContainerItemProxy;
			containerPortal = A4EA6E1A2F4122E2007853A7 /* Project object */;
			proxyType = 1;
			remoteGlobalIDString = A4EA6E212F4122E2007853A7;
			remoteInfo = Smart_money;
		};
/* End PBXContainerItemProxy section */

/* Begin PBXFileReference section */
		05B1C5DE8C7A4B7DA2A65A01 /* BudgetStatisticsSummary.swift */ = {isa = PBXFileReference; includeInIndex = 1; lastKnownFileType = sourcecode.swift; name = BudgetStatisticsSummary.swift; path = App/Models/BudgetStatisticsSummary.swift; sourceTree = SOURCE_ROOT; };
		05B1C5DE8C7A4B7DA2A65A02 /* BudgetStatisticsService.swift */ = {isa = PBXFileReference; includeInIndex = 1; lastKnownFileType = sourcecode.swift; name = BudgetStatisticsService.swift; path = App/Services/BudgetStatisticsService.swift; sourceTree = SOURCE_ROOT; };
		05B1C5DE8C7A4B7DA2A65A03 /* BudgetHistoryEvent.swift */ = {isa = PBXFileReference; includeInIndex = 1; lastKnownFileType = sourcecode.swift; name = BudgetHistoryEvent.swift; path = App/Models/BudgetHistoryEvent.swift; sourceTree = SOURCE_ROOT; };
		05B1C5DE8C7A4B7DA2A65A04 /* BudgetHistoryStorage.swift */ = {isa = PBXFileReference; includeInIndex = 1; lastKnownFileType = sourcecode.swift; name = BudgetHistoryStorage.swift; path = App/Services/BudgetHistoryStorage.swift; sourceTree = SOURCE_ROOT; };
		05B1C5DE8C7A4B7DA2A65A05 /* Smart_moneyTests/BudgetStatisticsServiceTests.swift */ = {isa = PBXFileReference; includeInIndex = 1; lastKnownFileType = sourcecode.swift; path = Smart_moneyTests/BudgetStatisticsServiceTests.swift; sourceTree = "<group>"; };
		05B1C5DE8C7A4B7DA2A65A06 /* Smart_moneyTests/BudgetHistoryStorageTests.swift */ = {isa = PBXFileReference; includeInIndex = 1; lastKnownFileType = sourcecode.swift; path = Smart_moneyTests/BudgetHistoryStorageTests.swift; sourceTree = "<group>"; };
		18341DAE89E1555D17C7F345 /* Smart_moneyTests/BudgetAllocationEngineTests.swift */ = {isa = PBXFileReference; includeInIndex = 1; lastKnownFileType = sourcecode.swift; path = Smart_moneyTests/BudgetAllocationEngineTests.swift; sourceTree = "<group>"; };
		22F2E11C8087616801F1B8C5 /* Smart_moneyTests.xctest */ = {isa = PBXFileReference; explicitFileType = wrapper.cfbundle; includeInIndex = 0; path = Smart_moneyTests.xctest; sourceTree = BUILT_PRODUCTS_DIR; };
		5DE928F04FA626936D204C8C /* Foundation.framework */ = {isa = PBXFileReference; lastKnownFileType = wrapper.framework; name = Foundation.framework; path = Platforms/iPhoneOS.platform/Developer/SDKs/iPhoneOS18.0.sdk/System/Library/Frameworks/Foundation.framework; sourceTree = DEVELOPER_DIR; };
		84F789F08C8A61DA8D593CAE /* ExpenseCategory.swift */ = {isa = PBXFileReference; includeInIndex = 1; lastKnownFileType = sourcecode.swift; name = ExpenseCategory.swift; path = App/Models/ExpenseCategory.swift; sourceTree = SOURCE_ROOT; };
		8B3556A7656E084760AE49C9 /* BudgetSettings.swift */ = {isa = PBXFileReference; includeInIndex = 1; lastKnownFileType = sourcecode.swift; name = BudgetSettings.swift; path = App/Models/BudgetSettings.swift; sourceTree = SOURCE_ROOT; };
		9F1000000000000000000001 /* FreeCapitalCoveragePolicy.swift */ = {isa = PBXFileReference; includeInIndex = 1; lastKnownFileType = sourcecode.swift; name = FreeCapitalCoveragePolicy.swift; path = App/Models/FreeCapitalCoveragePolicy.swift; sourceTree = SOURCE_ROOT; };
		9F1000000000000000000002 /* SystemCardCatalog.swift */ = {isa = PBXFileReference; includeInIndex = 1; lastKnownFileType = sourcecode.swift; name = SystemCardCatalog.swift; path = App/Models/SystemCardCatalog.swift; sourceTree = SOURCE_ROOT; };
		9F2000000000000000000001 /* CurrencyInputFormatter.swift */ = {isa = PBXFileReference; includeInIndex = 1; lastKnownFileType = sourcecode.swift; name = CurrencyInputFormatter.swift; path = App/Resources/Formatting/CurrencyInputFormatter.swift; sourceTree = SOURCE_ROOT; };
		9F2000000000000000000002 /* Smart_moneyTests/CurrencyInputFormatterTests.swift */ = {isa = PBXFileReference; includeInIndex = 1; lastKnownFileType = sourcecode.swift; path = Smart_moneyTests/CurrencyInputFormatterTests.swift; sourceTree = "<group>"; };
		9F3000000000000000000001 /* Smart_moneyTests/ManualCurrencyTransferTests.swift */ = {isa = PBXFileReference; includeInIndex = 1; lastKnownFileType = sourcecode.swift; path = Smart_moneyTests/ManualCurrencyTransferTests.swift; sourceTree = "<group>"; };
		9F4000000000000000000001 /* Smart_moneyTests/StartOnboardingCapitalTests.swift */ = {isa = PBXFileReference; includeInIndex = 1; lastKnownFileType = sourcecode.swift; path = Smart_moneyTests/StartOnboardingCapitalTests.swift; sourceTree = "<group>"; };
		9F5000000000000000000001 /* Smart_moneyTests/ExpenseFundingPreviewTests.swift */ = {isa = PBXFileReference; includeInIndex = 1; lastKnownFileType = sourcecode.swift; path = Smart_moneyTests/ExpenseFundingPreviewTests.swift; sourceTree = "<group>"; };
		9F6000000000000000000001 /* Smart_moneyTests/AppPerformanceTests.swift */ = {isa = PBXFileReference; includeInIndex = 1; lastKnownFileType = sourcecode.swift; path = Smart_moneyTests/AppPerformanceTests.swift; sourceTree = "<group>"; };
		9F7000000000000000000001 /* Smart_moneyTests/HistoryPresentationTests.swift */ = {isa = PBXFileReference; includeInIndex = 1; lastKnownFileType = sourcecode.swift; path = Smart_moneyTests/HistoryPresentationTests.swift; sourceTree = "<group>"; };
		A4EA6E222F4122E2007853A7 /* Smart_money.app */ = {isa = PBXFileReference; explicitFileType = wrapper.application; includeInIndex = 0; path = Smart_money.app; sourceTree = BUILT_PRODUCTS_DIR; };
		C30426740402C6030D9761AB /* Subcategory.swift */ = {isa = PBXFileReference; includeInIndex = 1; lastKnownFileType = sourcecode.swift; name = Subcategory.swift; path = App/Models/Subcategory.swift; sourceTree = SOURCE_ROOT; };
		D6C56C36F70846C13E836257 /* XCTest.framework */ = {isa = PBXFileReference; lastKnownFileType = wrapper.framework; name = XCTest.framework; path = System/Library/Frameworks/XCTest.framework; sourceTree = "<group>"; };
		F69A833A769D5551D00E9C0F /* BudgetAllocationEngine.swift */ = {isa = PBXFileReference; includeInIndex = 1; lastKnownFileType = sourcecode.swift; name = BudgetAllocationEngine.swift; path = App/Services/BudgetAllocationEngine.swift; sourceTree = SOURCE_ROOT; };
/* End PBXFileReference section */

/* Begin PBXFileSystemSynchronizedRootGroup section */
		A4EA6E242F4122E2007853A7 /* App */ = {
			isa = PBXFileSystemSynchronizedRootGroup;
			path = App;
			sourceTree = "<group>";
		};
/* End PBXFileSystemSynchronizedRootGroup section */

/* Begin PBXFrameworksBuildPhase section */
		0D8380E7D39249465BB4898A /* Frameworks */ = {
			isa = PBXFrameworksBuildPhase;
			buildActionMask = 2147483647;
			files = (
				7C160A4D8DD400E7FB2141FB /* Foundation.framework in Frameworks */,
				797B8287527E51477530AD99 /* XCTest.framework in Frameworks */,
			);
			runOnlyForDeploymentPostprocessing = 0;
		};
		A4EA6E1F2F4122E2007853A7 /* Frameworks */ = {
			isa = PBXFrameworksBuildPhase;
			buildActionMask = 2147483647;
			files = (
			);
			runOnlyForDeploymentPostprocessing = 0;
		};
/* End PBXFrameworksBuildPhase section */

/* Begin PBXGroup section */
		48301F3AF674BD27736547B8 /* Smart_moneyTests */ = {
			isa = PBXGroup;
			children = (
				18341DAE89E1555D17C7F345 /* Smart_moneyTests/BudgetAllocationEngineTests.swift */,
				05B1C5DE8C7A4B7DA2A65A05 /* Smart_moneyTests/BudgetStatisticsServiceTests.swift */,
				05B1C5DE8C7A4B7DA2A65A06 /* Smart_moneyTests/BudgetHistoryStorageTests.swift */,
				8B3556A7656E084760AE49C9 /* BudgetSettings.swift */,
				05B1C5DE8C7A4B7DA2A65A03 /* BudgetHistoryEvent.swift */,
				05B1C5DE8C7A4B7DA2A65A01 /* BudgetStatisticsSummary.swift */,
				84F789F08C8A61DA8D593CAE /* ExpenseCategory.swift */,
				05B1C5DE8C7A4B7DA2A65A04 /* BudgetHistoryStorage.swift */,
				05B1C5DE8C7A4B7DA2A65A02 /* BudgetStatisticsService.swift */,
				C30426740402C6030D9761AB /* Subcategory.swift */,
				9F1000000000000000000001 /* FreeCapitalCoveragePolicy.swift */,
				9F1000000000000000000002 /* SystemCardCatalog.swift */,
				9F2000000000000000000001 /* CurrencyInputFormatter.swift */,
				9F2000000000000000000002 /* Smart_moneyTests/CurrencyInputFormatterTests.swift */,
				9F3000000000000000000001 /* Smart_moneyTests/ManualCurrencyTransferTests.swift */,
				9F4000000000000000000001 /* Smart_moneyTests/StartOnboardingCapitalTests.swift */,
				9F5000000000000000000001 /* Smart_moneyTests/ExpenseFundingPreviewTests.swift */,
				9F6000000000000000000001 /* Smart_moneyTests/AppPerformanceTests.swift */,
				9F7000000000000000000001 /* Smart_moneyTests/HistoryPresentationTests.swift */,
				F69A833A769D5551D00E9C0F /* BudgetAllocationEngine.swift */,
			);
			name = Smart_moneyTests;
			sourceTree = "<group>";
		};
		76D4EDBD1CCD23ABE17A5E5C /* Frameworks */ = {
			isa = PBXGroup;
			children = (
				9220388CF7A584A483CDA27E /* iOS */,
				D6C56C36F70846C13E836257 /* XCTest.framework */,
			);
			name = Frameworks;
			sourceTree = "<group>";
		};
		9220388CF7A584A483CDA27E /* iOS */ = {
			isa = PBXGroup;
			children = (
				5DE928F04FA626936D204C8C /* Foundation.framework */,
			);
			name = iOS;
			sourceTree = "<group>";
		};
		A4EA6E192F4122E2007853A7 = {
			isa = PBXGroup;
			children = (
				A4EA6E242F4122E2007853A7 /* App */,
				A4EA6E232F4122E2007853A7 /* Products */,
				76D4EDBD1CCD23ABE17A5E5C /* Frameworks */,
				48301F3AF674BD27736547B8 /* Smart_moneyTests */,
			);
			sourceTree = "<group>";
		};
		A4EA6E232F4122E2007853A7 /* Products */ = {
			isa = PBXGroup;
			children = (
				A4EA6E222F4122E2007853A7 /* Smart_money.app */,
				22F2E11C8087616801F1B8C5 /* Smart_moneyTests.xctest */,
			);
			name = Products;
			sourceTree = "<group>";
		};
/* End PBXGroup section */

/* Begin PBXNativeTarget section */
		11CE3A807578D4F7F2F60A9B /* Smart_moneyTests */ = {
			isa = PBXNativeTarget;
			buildConfigurationList = 54F0BB10867093D2319B2B90 /* Build configuration list for PBXNativeTarget "Smart_moneyTests" */;
			buildPhases = (
				8778C400BA1CB228E4B03B14 /* Sources */,
				0D8380E7D39249465BB4898A /* Frameworks */,
				D91711C41B02A46C907C58EF /* Resources */,
			);
			buildRules = (
			);
			dependencies = (
				56A0D852490F73C6B489A97E /* PBXTargetDependency */,
			);
			name = Smart_moneyTests;
			productName = Smart_moneyTests;
			productReference = 22F2E11C8087616801F1B8C5 /* Smart_moneyTests.xctest */;
			productType = "com.apple.product-type.bundle.unit-test";
		};
		A4EA6E212F4122E2007853A7 /* Smart_money */ = {
			isa = PBXNativeTarget;
			buildConfigurationList = A4EA6E2D2F4122E4007853A7 /* Build configuration list for PBXNativeTarget "Smart_money" */;
			buildPhases = (
				A4EA6E1E2F4122E2007853A7 /* Sources */,
				A4EA6E1F2F4122E2007853A7 /* Frameworks */,
				A4EA6E202F4122E2007853A7 /* Resources */,
			);
			buildRules = (
			);
			dependencies = (
			);
			fileSystemSynchronizedGroups = (
				A4EA6E242F4122E2007853A7 /* App */,
			);
			name = Smart_money;
			productName = Smart_money;
			productReference = A4EA6E222F4122E2007853A7 /* Smart_money.app */;
			productType = "com.apple.product-type.application";
		};
/* End PBXNativeTarget section */

/* Begin PBXProject section */
		A4EA6E1A2F4122E2007853A7 /* Project object */ = {
			isa = PBXProject;
			attributes = {
				BuildIndependentTargetsInParallel = 1;
				LastSwiftUpdateCheck = 2620;
				LastUpgradeCheck = 2620;
				TargetAttributes = {
					A4EA6E212F4122E2007853A7 = {
						CreatedOnToolsVersion = 26.2;
					};
				};
			};
			buildConfigurationList = A4EA6E1D2F4122E2007853A7 /* Build configuration list for PBXProject "Smart_money" */;
			developmentRegion = en;
			hasScannedForEncodings = 0;
			knownRegions = (
				en,
				Base,
			);
			mainGroup = A4EA6E192F4122E2007853A7;
			minimizedProjectReferenceProxies = 1;
			preferredProjectObjectVersion = 77;
			productRefGroup = A4EA6E232F4122E2007853A7 /* Products */;
			projectDirPath = "";
			projectRoot = "";
			targets = (
				A4EA6E212F4122E2007853A7 /* Smart_money */,
				11CE3A807578D4F7F2F60A9B /* Smart_moneyTests */,
			);
		};
/* End PBXProject section */

/* Begin PBXResourcesBuildPhase section */
		A4EA6E202F4122E2007853A7 /* Resources */ = {
			isa = PBXResourcesBuildPhase;
			buildActionMask = 2147483647;
			files = (
			);
			runOnlyForDeploymentPostprocessing = 0;
		};
		D91711C41B02A46C907C58EF /* Resources */ = {
			isa = PBXResourcesBuildPhase;
			buildActionMask = 2147483647;
			files = (
			);
			runOnlyForDeploymentPostprocessing = 0;
		};
/* End PBXResourcesBuildPhase section */

/* Begin PBXSourcesBuildPhase section */
		8778C400BA1CB228E4B03B14 /* Sources */ = {
			isa = PBXSourcesBuildPhase;
			buildActionMask = 2147483647;
			files = (
				05B1C5DE8C7A4B7DA2A65B05 /* Smart_moneyTests/BudgetStatisticsServiceTests.swift in Sources */,
				05B1C5DE8C7A4B7DA2A65B06 /* Smart_moneyTests/BudgetHistoryStorageTests.swift in Sources */,
				5A5DDA83BBDEE9C11030B7A1 /* Smart_moneyTests/BudgetAllocationEngineTests.swift in Sources */,
				030B3485F3D9EADD9D3FFBA9 /* BudgetSettings.swift in Sources */,
				05B1C5DE8C7A4B7DA2A65B03 /* BudgetHistoryEvent.swift in Sources */,
				05B1C5DE8C7A4B7DA2A65B01 /* BudgetStatisticsSummary.swift in Sources */,
				FF92C2D40D418C772B6AEA21 /* ExpenseCategory.swift in Sources */,
				05B1C5DE8C7A4B7DA2A65B04 /* BudgetHistoryStorage.swift in Sources */,
				05B1C5DE8C7A4B7DA2A65B02 /* BudgetStatisticsService.swift in Sources */,
				D59408438CAE607A2E27861B /* Subcategory.swift in Sources */,
				9F1000000000000000000011 /* FreeCapitalCoveragePolicy.swift in Sources */,
				9F1000000000000000000012 /* SystemCardCatalog.swift in Sources */,
				9F2000000000000000000011 /* CurrencyInputFormatter.swift in Sources */,
				9F2000000000000000000012 /* Smart_moneyTests/CurrencyInputFormatterTests.swift in Sources */,
				9F3000000000000000000011 /* Smart_moneyTests/ManualCurrencyTransferTests.swift in Sources */,
				9F4000000000000000000011 /* Smart_moneyTests/StartOnboardingCapitalTests.swift in Sources */,
				9F5000000000000000000011 /* Smart_moneyTests/ExpenseFundingPreviewTests.swift in Sources */,
				9F6000000000000000000011 /* Smart_moneyTests/AppPerformanceTests.swift in Sources */,
				9F7000000000000000000011 /* Smart_moneyTests/HistoryPresentationTests.swift in Sources */,
				8B1646BD2C951951E1BEE230 /* BudgetAllocationEngine.swift in Sources */,
			);
			runOnlyForDeploymentPostprocessing = 0;
		};
		A4EA6E1E2F4122E2007853A7 /* Sources */ = {
			isa = PBXSourcesBuildPhase;
			buildActionMask = 2147483647;
			files = (
			);
			runOnlyForDeploymentPostprocessing = 0;
		};
/* End PBXSourcesBuildPhase section */

/* Begin PBXTargetDependency section */
		56A0D852490F73C6B489A97E /* PBXTargetDependency */ = {
			isa = PBXTargetDependency;
			name = Smart_money;
			target = A4EA6E212F4122E2007853A7 /* Smart_money */;
			targetProxy = BEEE2089594BC10F8BD78AF9 /* PBXContainerItemProxy */;
		};
/* End PBXTargetDependency section */

/* Begin XCBuildConfiguration section */
		026A28FFAD5A0557C1D1A8B4 /* Debug */ = {
			isa = XCBuildConfiguration;
			buildSettings = {
				BUNDLE_LOADER = "$(TEST_HOST)";
				CLANG_ENABLE_OBJC_WEAK = NO;
				GENERATE_INFOPLIST_FILE = YES;
				INFOPLIST_KEY_CFBundleExecutable = "$(EXECUTABLE_NAME)";
				IPHONEOS_DEPLOYMENT_TARGET = 26.2;
				PRODUCT_BUNDLE_IDENTIFIER = "Fibik.Smart-moneyTests";
				PRODUCT_MODULE_NAME = Smart_moneyTests;
				PRODUCT_NAME = "$(TARGET_NAME)";
				SDKROOT = iphoneos;
				SWIFT_VERSION = 5.0;
				TEST_HOST = "$(BUILT_PRODUCTS_DIR)/Smart_money.app/Smart_money";
			};
			name = Debug;
		};
		A4EA6E2B2F4122E4007853A7 /* Debug */ = {
			isa = XCBuildConfiguration;
			buildSettings = {
				ALWAYS_SEARCH_USER_PATHS = NO;
				ASSETCATALOG_COMPILER_GENERATE_SWIFT_ASSET_SYMBOL_EXTENSIONS = YES;
				CLANG_ANALYZER_NONNULL = YES;
				CLANG_ANALYZER_NUMBER_OBJECT_CONVERSION = YES_AGGRESSIVE;
				CLANG_CXX_LANGUAGE_STANDARD = "gnu++20";
				CLANG_ENABLE_MODULES = YES;
				CLANG_ENABLE_OBJC_ARC = YES;
				CLANG_ENABLE_OBJC_WEAK = YES;
				CLANG_WARN_BLOCK_CAPTURE_AUTORELEASING = YES;
				CLANG_WARN_BOOL_CONVERSION = YES;
				CLANG_WARN_COMMA = YES;
				CLANG_WARN_CONSTANT_CONVERSION = YES;
				CLANG_WARN_DEPRECATED_OBJC_IMPLEMENTATIONS = YES;
				CLANG_WARN_DIRECT_OBJC_ISA_USAGE = YES_ERROR;
				CLANG_WARN_DOCUMENTATION_COMMENTS = YES;
				CLANG_WARN_EMPTY_BODY = YES;
				CLANG_WARN_ENUM_CONVERSION = YES;
				CLANG_WARN_INFINITE_RECURSION = YES;
				CLANG_WARN_INT_CONVERSION = YES;
				CLANG_WARN_NON_LITERAL_NULL_CONVERSION = YES;
				CLANG_WARN_OBJC_IMPLICIT_RETAIN_SELF = YES;
				CLANG_WARN_OBJC_LITERAL_CONVERSION = YES;
				CLANG_WARN_OBJC_ROOT_CLASS = YES_ERROR;
				CLANG_WARN_QUOTED_INCLUDE_IN_FRAMEWORK_HEADER = YES;
				CLANG_WARN_RANGE_LOOP_ANALYSIS = YES;
				CLANG_WARN_STRICT_PROTOTYPES = YES;
				CLANG_WARN_SUSPICIOUS_MOVE = YES;
				CLANG_WARN_UNGUARDED_AVAILABILITY = YES_AGGRESSIVE;
				CLANG_WARN_UNREACHABLE_CODE = YES;
				CLANG_WARN__DUPLICATE_METHOD_MATCH = YES;
				COPY_PHASE_STRIP = NO;
				DEBUG_INFORMATION_FORMAT = dwarf;
				DEVELOPMENT_TEAM = QU4JCLXZ3M;
				ENABLE_STRICT_OBJC_MSGSEND = YES;
				ENABLE_TESTABILITY = YES;
				ENABLE_USER_SCRIPT_SANDBOXING = YES;
				GCC_C_LANGUAGE_STANDARD = gnu17;
				GCC_DYNAMIC_NO_PIC = NO;
				GCC_NO_COMMON_BLOCKS = YES;
				GCC_OPTIMIZATION_LEVEL = 0;
				GCC_PREPROCESSOR_DEFINITIONS = (
					"DEBUG=1",
					"$(inherited)",
				);
				GCC_WARN_64_TO_32_BIT_CONVERSION = YES;
				GCC_WARN_ABOUT_RETURN_TYPE = YES_ERROR;
				GCC_WARN_UNDECLARED_SELECTOR = YES;
				GCC_WARN_UNINITIALIZED_AUTOS = YES_AGGRESSIVE;
				GCC_WARN_UNUSED_FUNCTION = YES;
				GCC_WARN_UNUSED_VARIABLE = YES;
				IPHONEOS_DEPLOYMENT_TARGET = 26.2;
				LOCALIZATION_PREFERS_STRING_CATALOGS = YES;
				MTL_ENABLE_DEBUG_INFO = INCLUDE_SOURCE;
				MTL_FAST_MATH = YES;
				ONLY_ACTIVE_ARCH = YES;
				SDKROOT = iphoneos;
				STRING_CATALOG_GENERATE_SYMBOLS = YES;
				SWIFT_ACTIVE_COMPILATION_CONDITIONS = "DEBUG $(inherited)";
				SWIFT_OPTIMIZATION_LEVEL = "-Onone";
			};
			name = Debug;
		};
		A4EA6E2C2F4122E4007853A7 /* Release */ = {
			isa = XCBuildConfiguration;
			buildSettings = {
				ALWAYS_SEARCH_USER_PATHS = NO;
				ASSETCATALOG_COMPILER_GENERATE_SWIFT_ASSET_SYMBOL_EXTENSIONS = YES;
				CLANG_ANALYZER_NONNULL = YES;
				CLANG_ANALYZER_NUMBER_OBJECT_CONVERSION = YES_AGGRESSIVE;
				CLANG_CXX_LANGUAGE_STANDARD = "gnu++20";
				CLANG_ENABLE_MODULES = YES;
				CLANG_ENABLE_OBJC_ARC = YES;
				CLANG_ENABLE_OBJC_WEAK = YES;
				CLANG_WARN_BLOCK_CAPTURE_AUTORELEASING = YES;
				CLANG_WARN_BOOL_CONVERSION = YES;
				CLANG_WARN_COMMA = YES;
				CLANG_WARN_CONSTANT_CONVERSION = YES;
				CLANG_WARN_DEPRECATED_OBJC_IMPLEMENTATIONS = YES;
				CLANG_WARN_DIRECT_OBJC_ISA_USAGE = YES_ERROR;
				CLANG_WARN_DOCUMENTATION_COMMENTS = YES;
				CLANG_WARN_EMPTY_BODY = YES;
				CLANG_WARN_ENUM_CONVERSION = YES;
				CLANG_WARN_INFINITE_RECURSION = YES;
				CLANG_WARN_INT_CONVERSION = YES;
				CLANG_WARN_NON_LITERAL_NULL_CONVERSION = YES;
				CLANG_WARN_OBJC_IMPLICIT_RETAIN_SELF = YES;
				CLANG_WARN_OBJC_LITERAL_CONVERSION = YES;
				CLANG_WARN_OBJC_ROOT_CLASS = YES_ERROR;
				CLANG_WARN_QUOTED_INCLUDE_IN_FRAMEWORK_HEADER = YES;
				CLANG_WARN_RANGE_LOOP_ANALYSIS = YES;
				CLANG_WARN_STRICT_PROTOTYPES = YES;
				CLANG_WARN_SUSPICIOUS_MOVE = YES;
				CLANG_WARN_UNGUARDED_AVAILABILITY = YES_AGGRESSIVE;
				CLANG_WARN_UNREACHABLE_CODE = YES;
				CLANG_WARN__DUPLICATE_METHOD_MATCH = YES;
				COPY_PHASE_STRIP = NO;
				DEBUG_INFORMATION_FORMAT = "dwarf-with-dsym";
				DEVELOPMENT_TEAM = QU4JCLXZ3M;
				ENABLE_NS_ASSERTIONS = NO;
				ENABLE_STRICT_OBJC_MSGSEND = YES;
				ENABLE_USER_SCRIPT_SANDBOXING = YES;
				GCC_C_LANGUAGE_STANDARD = gnu17;
				GCC_NO_COMMON_BLOCKS = YES;
				GCC_WARN_64_TO_32_BIT_CONVERSION = YES;
				GCC_WARN_ABOUT_RETURN_TYPE = YES_ERROR;
				GCC_WARN_UNDECLARED_SELECTOR = YES;
				GCC_WARN_UNINITIALIZED_AUTOS = YES_AGGRESSIVE;
				GCC_WARN_UNUSED_FUNCTION = YES;
				GCC_WARN_UNUSED_VARIABLE = YES;
				IPHONEOS_DEPLOYMENT_TARGET = 26.2;
				LOCALIZATION_PREFERS_STRING_CATALOGS = YES;
				MTL_ENABLE_DEBUG_INFO = NO;
				MTL_FAST_MATH = YES;
				SDKROOT = iphoneos;
				STRING_CATALOG_GENERATE_SYMBOLS = YES;
				SWIFT_COMPILATION_MODE = wholemodule;
				VALIDATE_PRODUCT = YES;
			};
			name = Release;
		};
		A4EA6E2E2F4122E4007853A7 /* Debug */ = {
			isa = XCBuildConfiguration;
			buildSettings = {
				ASSETCATALOG_COMPILER_APPICON_NAME = AppIcon;
				ASSETCATALOG_COMPILER_GLOBAL_ACCENT_COLOR_NAME = AccentColor;
				CODE_SIGN_STYLE = Automatic;
				CURRENT_PROJECT_VERSION = 1;
				DEVELOPMENT_TEAM = QU4JCLXZ3M;
				ENABLE_PREVIEWS = YES;
				GENERATE_INFOPLIST_FILE = YES;
				INFOPLIST_KEY_UIApplicationSceneManifest_Generation = NO;
				INFOPLIST_KEY_UIApplicationSupportsIndirectInputEvents = YES;
				INFOPLIST_KEY_UILaunchScreen_Generation = YES;
				INFOPLIST_KEY_UISupportedInterfaceOrientations_iPad = "UIInterfaceOrientationPortrait UIInterfaceOrientationPortraitUpsideDown UIInterfaceOrientationLandscapeLeft UIInterfaceOrientationLandscapeRight";
				INFOPLIST_KEY_UISupportedInterfaceOrientations_iPhone = "UIInterfaceOrientationPortrait UIInterfaceOrientationLandscapeLeft UIInterfaceOrientationLandscapeRight";
				LD_RUNPATH_SEARCH_PATHS = (
					"$(inherited)",
					"@executable_path/Frameworks",
				);
				MARKETING_VERSION = 1.0;
				PRODUCT_BUNDLE_IDENTIFIER = "Fibik.Smart-money";
				PRODUCT_NAME = "$(TARGET_NAME)";
				STRING_CATALOG_GENERATE_SYMBOLS = YES;
				SWIFT_APPROACHABLE_CONCURRENCY = YES;
				SWIFT_DEFAULT_ACTOR_ISOLATION = MainActor;
				SWIFT_EMIT_LOC_STRINGS = YES;
				SWIFT_UPCOMING_FEATURE_MEMBER_IMPORT_VISIBILITY = YES;
				SWIFT_VERSION = 5.0;
				TARGETED_DEVICE_FAMILY = "1,2";
			};
			name = Debug;
		};
		A4EA6E2F2F4122E4007853A7 /* Release */ = {
			isa = XCBuildConfiguration;
			buildSettings = {
				ASSETCATALOG_COMPILER_APPICON_NAME = AppIcon;
				ASSETCATALOG_COMPILER_GLOBAL_ACCENT_COLOR_NAME = AccentColor;
				CODE_SIGN_STYLE = Automatic;
				CURRENT_PROJECT_VERSION = 1;
				DEVELOPMENT_TEAM = QU4JCLXZ3M;
				ENABLE_PREVIEWS = YES;
				GENERATE_INFOPLIST_FILE = YES;
				INFOPLIST_KEY_UIApplicationSceneManifest_Generation = NO;
				INFOPLIST_KEY_UIApplicationSupportsIndirectInputEvents = YES;
				INFOPLIST_KEY_UILaunchScreen_Generation = YES;
				INFOPLIST_KEY_UISupportedInterfaceOrientations_iPad = "UIInterfaceOrientationPortrait UIInterfaceOrientationPortraitUpsideDown UIInterfaceOrientationLandscapeLeft UIInterfaceOrientationLandscapeRight";
				INFOPLIST_KEY_UISupportedInterfaceOrientations_iPhone = "UIInterfaceOrientationPortrait UIInterfaceOrientationLandscapeLeft UIInterfaceOrientationLandscapeRight";
				LD_RUNPATH_SEARCH_PATHS = (
					"$(inherited)",
					"@executable_path/Frameworks",
				);
				MARKETING_VERSION = 1.0;
				PRODUCT_BUNDLE_IDENTIFIER = "Fibik.Smart-money";
				PRODUCT_NAME = "$(TARGET_NAME)";
				STRING_CATALOG_GENERATE_SYMBOLS = YES;
				SWIFT_APPROACHABLE_CONCURRENCY = YES;
				SWIFT_DEFAULT_ACTOR_ISOLATION = MainActor;
				SWIFT_EMIT_LOC_STRINGS = YES;
				SWIFT_UPCOMING_FEATURE_MEMBER_IMPORT_VISIBILITY = YES;
				SWIFT_VERSION = 5.0;
				TARGETED_DEVICE_FAMILY = "1,2";
			};
			name = Release;
		};
		AC1A60EAAD689DA949CE049E /* Release */ = {
			isa = XCBuildConfiguration;
			buildSettings = {
				BUNDLE_LOADER = "$(TEST_HOST)";
				CLANG_ENABLE_OBJC_WEAK = NO;
				GENERATE_INFOPLIST_FILE = YES;
				INFOPLIST_KEY_CFBundleExecutable = "$(EXECUTABLE_NAME)";
				IPHONEOS_DEPLOYMENT_TARGET = 26.2;
				PRODUCT_BUNDLE_IDENTIFIER = "Fibik.Smart-moneyTests";
				PRODUCT_MODULE_NAME = Smart_moneyTests;
				PRODUCT_NAME = "$(TARGET_NAME)";
				SDKROOT = iphoneos;
				SWIFT_VERSION = 5.0;
				TEST_HOST = "$(BUILT_PRODUCTS_DIR)/Smart_money.app/Smart_money";
				VALIDATE_PRODUCT = YES;
			};
			name = Release;
		};
/* End XCBuildConfiguration section */

/* Begin XCConfigurationList section */
		54F0BB10867093D2319B2B90 /* Build configuration list for PBXNativeTarget "Smart_moneyTests" */ = {
			isa = XCConfigurationList;
			buildConfigurations = (
				AC1A60EAAD689DA949CE049E /* Release */,
				026A28FFAD5A0557C1D1A8B4 /* Debug */,
			);
			defaultConfigurationIsVisible = 0;
			defaultConfigurationName = Release;
		};
		A4EA6E1D2F4122E2007853A7 /* Build configuration list for PBXProject "Smart_money" */ = {
			isa = XCConfigurationList;
			buildConfigurations = (
				A4EA6E2B2F4122E4007853A7 /* Debug */,
				A4EA6E2C2F4122E4007853A7 /* Release */,
			);
			defaultConfigurationIsVisible = 0;
			defaultConfigurationName = Release;
		};
		A4EA6E2D2F4122E4007853A7 /* Build configuration list for PBXNativeTarget "Smart_money" */ = {
			isa = XCConfigurationList;
			buildConfigurations = (
				A4EA6E2E2F4122E4007853A7 /* Debug */,
				A4EA6E2F2F4122E4007853A7 /* Release */,
			);
			defaultConfigurationIsVisible = 0;
			defaultConfigurationName = Release;
		};
/* End XCConfigurationList section */
	};
	rootObject = A4EA6E1A2F4122E2007853A7 /* Project object */;
}
